// !$*UTF8*$!
{
	archiveVersion = 1;
	classes = {
	};
	objectVersion = 46;
	objects = {

/* Begin PBXBuildFile section */
		7EB4AFD81527EB6E0011F2FE /* UIKit.framework in Frameworks */ = {isa = PBXBuildFile; fileRef = 7EB4AFD71527EB6E0011F2FE /* UIKit.framework */; };
		7EB4AFDA1527EB6E0011F2FE /* Foundation.framework in Frameworks */ = {isa = PBXBuildFile; fileRef = 7EB4AFD91527EB6E0011F2FE /* Foundation.framework */; };
		7EB4AFDC1527EB6E0011F2FE /* CoreGraphics.framework in Frameworks */ = {isa = PBXBuildFile; fileRef = 7EB4AFDB1527EB6E0011F2FE /* CoreGraphics.framework */; };
		7EB4AFE21527EB6E0011F2FE /* InfoPlist.strings in Resources */ = {isa = PBXBuildFile; fileRef = 7EB4AFE01527EB6E0011F2FE /* InfoPlist.strings */; };
		7EB4AFE41527EB6F0011F2FE /* main.m in Sources */ = {isa = PBXBuildFile; fileRef = 7EB4AFE31527EB6F0011F2FE /* main.m */; };
		7EB4AFE81527EB6F0011F2FE /* SGGAppDelegate.m in Sources */ = {isa = PBXBuildFile; fileRef = 7EB4AFE71527EB6F0011F2FE /* SGGAppDelegate.m */; };
		7EB4AFEF1527EBA60011F2FE /* QuartzCore.framework in Frameworks */ = {isa = PBXBuildFile; fileRef = 7EB4AFEE1527EBA60011F2FE /* QuartzCore.framework */; };
		7EB4AFF11527EBB30011F2FE /* OpenGLES.framework in Frameworks */ = {isa = PBXBuildFile; fileRef = 7EB4AFF01527EBB30011F2FE /* OpenGLES.framework */; };
		7EB4AFF31527EBBD0011F2FE /* GLKit.framework in Frameworks */ = {isa = PBXBuildFile; fileRef = 7EB4AFF21527EBBD0011F2FE /* GLKit.framework */; };
		7EB4AFF51527EC010011F2FE /* MainStoryboard.storyboard in Resources */ = {isa = PBXBuildFile; fileRef = 7EB4AFF41527EC010011F2FE /* MainStoryboard.storyboard */; };
		7EB4AFF81527ECBF0011F2FE /* SGGViewController.m in Sources */ = {isa = PBXBuildFile; fileRef = 7EB4AFF71527ECBF0011F2FE /* SGGViewController.m */; };
		7EB4AFFA1527F1640011F2FE /* README.md in Resources */ = {isa = PBXBuildFile; fileRef = 7EB4AFF91527F1640011F2FE /* README.md */; };
		7EB83429152912A200510DB7 /* SGGSprite.m in Sources */ = {isa = PBXBuildFile; fileRef = 7EB83428152912A200510DB7 /* SGGSprite.m */; };
		7EB834411529135B00510DB7 /* background-music-aac.caf in Resources */ = {isa = PBXBuildFile; fileRef = 7EB8343A1529135B00510DB7 /* background-music-aac.caf */; };
		7EB834421529135B00510DB7 /* pew-pew.wav in Resources */ = {isa = PBXBuildFile; fileRef = 7EB8343B1529135B00510DB7 /* pew-pew.wav */; };
		7EB834431529135B00510DB7 /* Player.png in Resources */ = {isa = PBXBuildFile; fileRef = 7EB8343C1529135B00510DB7 /* Player.png */; };
		7EB834441529135B00510DB7 /* Projectile.png in Resources */ = {isa = PBXBuildFile; fileRef = 7EB8343D1529135B00510DB7 /* Projectile.png */; };
		7EB834451529135B00510DB7 /* Target.png in Resources */ = {isa = PBXBuildFile; fileRef = 7EB8343E1529135B00510DB7 /* Target.png */; };
		7EB834461529135B00510DB7 /* YouLose.png in Resources */ = {isa = PBXBuildFile; fileRef = 7EB8343F1529135B00510DB7 /* YouLose.png */; };
		7EB834471529135B00510DB7 /* YouWin.png in Resources */ = {isa = PBXBuildFile; fileRef = 7EB834401529135B00510DB7 /* YouWin.png */; };
/* End PBXBuildFile section */

/* Begin PBXFileReference section */
		7EB4AFD31527EB6E0011F2FE /* SimpleGLKitGame.app */ = {isa = PBXFileReference; explicitFileType = wrapper.application; includeInIndex = 0; path = SimpleGLKitGame.app; sourceTree = BUILT_PRODUCTS_DIR; };
		7EB4AFD71527EB6E0011F2FE /* UIKit.framework */ = {isa = PBXFileReference; lastKnownFileType = wrapper.framework; name = UIKit.framework; path = System/Library/Frameworks/UIKit.framework; sourceTree = SDKROOT; };
		7EB4AFD91527EB6E0011F2FE /* Foundation.framework */ = {isa = PBXFileReference; lastKnownFileType = wrapper.framework; name = Foundation.framework; path = System/Library/Frameworks/Foundation.framework; sourceTree = SDKROOT; };
		7EB4AFDB1527EB6E0011F2FE /* CoreGraphics.framework */ = {isa = PBXFileReference; lastKnownFileType = wrapper.framework; name = CoreGraphics.framework; path = System/Library/Frameworks/CoreGraphics.framework; sourceTree = SDKROOT; };
		7EB4AFDF1527EB6E0011F2FE /* SimpleGLKitGame-Info.plist */ = {isa = PBXFileReference; lastKnownFileType = text.plist.xml; path = "SimpleGLKitGame-Info.plist"; sourceTree = "<group>"; };
		7EB4AFE11527EB6E0011F2FE /* en */ = {isa = PBXFileReference; lastKnownFileType = text.plist.strings; name = en; path = en.lproj/InfoPlist.strings; sourceTree = "<group>"; };
		7EB4AFE31527EB6F0011F2FE /* main.m */ = {isa = PBXFileReference; lastKnownFileType = sourcecode.c.objc; path = main.m; sourceTree = "<group>"; };
		7EB4AFE51527EB6F0011F2FE /* SimpleGLKitGame-Prefix.pch */ = {isa = PBXFileReference; lastKnownFileType = sourcecode.c.h; path = "SimpleGLKitGame-Prefix.pch"; sourceTree = "<group>"; };
		7EB4AFE61527EB6F0011F2FE /* SGGAppDelegate.h */ = {isa = PBXFileReference; lastKnownFileType = sourcecode.c.h; path = SGGAppDelegate.h; sourceTree = "<group>"; };
		7EB4AFE71527EB6F0011F2FE /* SGGAppDelegate.m */ = {isa = PBXFileReference; lastKnownFileType = sourcecode.c.objc; path = SGGAppDelegate.m; sourceTree = "<group>"; };
		7EB4AFEE1527EBA60011F2FE /* QuartzCore.framework */ = {isa = PBXFileReference; lastKnownFileType = wrapper.framework; name = QuartzCore.framework; path = System/Library/Frameworks/QuartzCore.framework; sourceTree = SDKROOT; };
		7EB4AFF01527EBB30011F2FE /* OpenGLES.framework */ = {isa = PBXFileReference; lastKnownFileType = wrapper.framework; name = OpenGLES.framework; path = System/Library/Frameworks/OpenGLES.framework; sourceTree = SDKROOT; };
		7EB4AFF21527EBBD0011F2FE /* GLKit.framework */ = {isa = PBXFileReference; lastKnownFileType = wrapper.framework; name = GLKit.framework; path = System/Library/Frameworks/GLKit.framework; sourceTree = SDKROOT; };
		7EB4AFF41527EC010011F2FE /* MainStoryboard.storyboard */ = {isa = PBXFileReference; fileEncoding = 4; lastKnownFileType = file.storyboard; path = MainStoryboard.storyboard; sourceTree = "<group>"; };
		7EB4AFF61527ECBF0011F2FE /* SGGViewController.h */ = {isa = PBXFileReference; fileEncoding = 4; lastKnownFileType = sourcecode.c.h; path = SGGViewController.h; sourceTree = "<group>"; };
		7EB4AFF71527ECBF0011F2FE /* SGGViewController.m */ = {isa = PBXFileReference; fileEncoding = 4; lastKnownFileType = sourcecode.c.objc; path = SGGViewController.m; sourceTree = "<group>"; };
		7EB4AFF91527F1640011F2FE /* README.md */ = {isa = PBXFileReference; fileEncoding = 4; lastKnownFileType = text; path = README.md; sourceTree = "<group>"; };
		7EB83427152912A200510DB7 /* SGGSprite.h */ = {isa = PBXFileReference; fileEncoding = 4; lastKnownFileType = sourcecode.c.h; path = SGGSprite.h; sourceTree = "<group>"; };
		7EB83428152912A200510DB7 /* SGGSprite.m */ = {isa = PBXFileReference; fileEncoding = 4; lastKnownFileType = sourcecode.c.objc; path = SGGSprite.m; sourceTree = "<group>"; };
		7EB8343A1529135B00510DB7 /* background-music-aac.caf */ = {isa = PBXFileReference; lastKnownFileType = file; path = "background-music-aac.caf"; sourceTree = "<group>"; };
		7EB8343B1529135B00510DB7 /* pew-pew.wav */ = {isa = PBXFileReference; lastKnownFileType = audio.wav; path = "pew-pew.wav"; sourceTree = "<group>"; };
		7EB8343C1529135B00510DB7 /* Player.png */ = {isa = PBXFileReference; lastKnownFileType = image.png; path = Player.png; sourceTree = "<group>"; };
		7EB8343D1529135B00510DB7 /* Projectile.png */ = {isa = PBXFileReference; lastKnownFileType = image.png; path = Projectile.png; sourceTree = "<group>"; };
		7EB8343E1529135B00510DB7 /* Target.png */ = {isa = PBXFileReference; lastKnownFileType = image.png; path = Target.png; sourceTree = "<group>"; };
		7EB8343F1529135B00510DB7 /* YouLose.png */ = {isa = PBXFileReference; lastKnownFileType = image.png; path = YouLose.png; sourceTree = "<group>"; };
		7EB834401529135B00510DB7 /* YouWin.png */ = {isa = PBXFileReference; lastKnownFileType = image.png; path = YouWin.png; sourceTree = "<group>"; };
/* End PBXFileReference section */

/* Begin PBXFrameworksBuildPhase section */
		7EB4AFD01527EB6E0011F2FE /* Frameworks */ = {
			isa = PBXFrameworksBuildPhase;
			buildActionMask = 2147483647;
			files = (
				7EB4AFF31527EBBD0011F2FE /* GLKit.framework in Frameworks */,
				7EB4AFF11527EBB30011F2FE /* OpenGLES.framework in Frameworks */,
				7EB4AFEF1527EBA60011F2FE /* QuartzCore.framework in Frameworks */,
				7EB4AFD81527EB6E0011F2FE /* UIKit.framework in Frameworks */,
				7EB4AFDA1527EB6E0011F2FE /* Foundation.framework in Frameworks */,
				7EB4AFDC1527EB6E0011F2FE /* CoreGraphics.framework in Frameworks */,
			);
			runOnlyForDeploymentPostprocessing = 0;
		};
/* End PBXFrameworksBuildPhase section */

/* Begin PBXGroup section */
		7EB4AFC81527EB6E0011F2FE = {
			isa = PBXGroup;
			children = (
				7EB834391529135B00510DB7 /* SGGResources */,
				7EB4AFF91527F1640011F2FE /* README.md */,
				7EB4AFF61527ECBF0011F2FE /* SGGViewController.h */,
				7EB4AFF71527ECBF0011F2FE /* SGGViewController.m */,
				7EB4AFF41527EC010011F2FE /* MainStoryboard.storyboard */,
				7EB4AFF21527EBBD0011F2FE /* GLKit.framework */,
				7EB4AFF01527EBB30011F2FE /* OpenGLES.framework */,
				7EB4AFEE1527EBA60011F2FE /* QuartzCore.framework */,
				7EB4AFDD1527EB6E0011F2FE /* SimpleGLKitGame */,
				7EB4AFD61527EB6E0011F2FE /* Frameworks */,
				7EB4AFD41527EB6E0011F2FE /* Products */,
			);
			sourceTree = "<group>";
		};
		7EB4AFD41527EB6E0011F2FE /* Products */ = {
			isa = PBXGroup;
			children = (
				7EB4AFD31527EB6E0011F2FE /* SimpleGLKitGame.app */,
			);
			name = Products;
			sourceTree = "<group>";
		};
		7EB4AFD61527EB6E0011F2FE /* Frameworks */ = {
			isa = PBXGroup;
			children = (
				7EB4AFD71527EB6E0011F2FE /* UIKit.framework */,
				7EB4AFD91527EB6E0011F2FE /* Foundation.framework */,
				7EB4AFDB1527EB6E0011F2FE /* CoreGraphics.framework */,
			);
			name = Frameworks;
			sourceTree = "<group>";
		};
		7EB4AFDD1527EB6E0011F2FE /* SimpleGLKitGame */ = {
			isa = PBXGroup;
			children = (
				7EB4AFE61527EB6F0011F2FE /* SGGAppDelegate.h */,
				7EB4AFE71527EB6F0011F2FE /* SGGAppDelegate.m */,
				7EB4AFDE1527EB6E0011F2FE /* Supporting Files */,
				7EB83427152912A200510DB7 /* SGGSprite.h */,
				7EB83428152912A200510DB7 /* SGGSprite.m */,
			);
			path = SimpleGLKitGame;
			sourceTree = "<group>";
		};
		7EB4AFDE1527EB6E0011F2FE /* Supporting Files */ = {
			isa = PBXGroup;
			children = (
				7EB4AFDF1527EB6E0011F2FE /* SimpleGLKitGame-Info.plist */,
				7EB4AFE01527EB6E0011F2FE /* InfoPlist.strings */,
				7EB4AFE31527EB6F0011F2FE /* main.m */,
				7EB4AFE51527EB6F0011F2FE /* SimpleGLKitGame-Prefix.pch */,
			);
			name = "Supporting Files";
			sourceTree = "<group>";
		};
		7EB834391529135B00510DB7 /* SGGResources */ = {
			isa = PBXGroup;
			children = (
				7EB8343A1529135B00510DB7 /* background-music-aac.caf */,
				7EB8343B1529135B00510DB7 /* pew-pew.wav */,
				7EB8343C1529135B00510DB7 /* Player.png */,
				7EB8343D1529135B00510DB7 /* Projectile.png */,
				7EB8343E1529135B00510DB7 /* Target.png */,
				7EB8343F1529135B00510DB7 /* YouLose.png */,
				7EB834401529135B00510DB7 /* YouWin.png */,
			);
			name = SGGResources;
			path = SimpleGLKitGame/SGGResources;
			sourceTree = "<group>";
		};
/* End PBXGroup section */

/* Begin PBXNativeTarget section */
		7EB4AFD21527EB6E0011F2FE /* SimpleGLKitGame */ = {
			isa = PBXNativeTarget;
			buildConfigurationList = 7EB4AFEB1527EB6F0011F2FE /* Build configuration list for PBXNativeTarget "SimpleGLKitGame" */;
			buildPhases = (
				7EB4AFCF1527EB6E0011F2FE /* Sources */,
				7EB4AFD01527EB6E0011F2FE /* Frameworks */,
				7EB4AFD11527EB6E0011F2FE /* Resources */,
			);
			buildRules = (
			);
			dependencies = (
			);
			name = SimpleGLKitGame;
			productName = SimpleGLKitGame;
			productReference = 7EB4AFD31527EB6E0011F2FE /* SimpleGLKitGame.app */;
			productType = "com.apple.product-type.application";
		};
/* End PBXNativeTarget section */

/* Begin PBXProject section */
		7EB4AFCA1527EB6E0011F2FE /* Project object */ = {
			isa = PBXProject;
			attributes = {
				LastUpgradeCheck = 0420;
			};
			buildConfigurationList = 7EB4AFCD1527EB6E0011F2FE /* Build configuration list for PBXProject "SimpleGLKitGame" */;
			compatibilityVersion = "Xcode 3.2";
			developmentRegion = English;
			hasScannedForEncodings = 0;
			knownRegions = (
				en,
			);
			mainGroup = 7EB4AFC81527EB6E0011F2FE;
			productRefGroup = 7EB4AFD41527EB6E0011F2FE /* Products */;
			projectDirPath = "";
			projectRoot = "";
			targets = (
				7EB4AFD21527EB6E0011F2FE /* SimpleGLKitGame */,
			);
		};
/* End PBXProject section */

/* Begin PBXResourcesBuildPhase section */
		7EB4AFD11527EB6E0011F2FE /* Resources */ = {
			isa = PBXResourcesBuildPhase;
			buildActionMask = 2147483647;
			files = (
				7EB4AFE21527EB6E0011F2FE /* InfoPlist.strings in Resources */,
				7EB4AFF51527EC010011F2FE /* MainStoryboard.storyboard in Resources */,
				7EB4AFFA1527F1640011F2FE /* README.md in Resources */,
				7EB834411529135B00510DB7 /* background-music-aac.caf in Resources */,
				7EB834421529135B00510DB7 /* pew-pew.wav in Resources */,
				7EB834431529135B00510DB7 /* Player.png in Resources */,
				7EB834441529135B00510DB7 /* Projectile.png in Resources */,
				7EB834451529135B00510DB7 /* Target.png in Resources */,
				7EB834461529135B00510DB7 /* YouLose.png in Resources */,
				7EB834471529135B00510DB7 /* YouWin.png in Resources */,
			);
			runOnlyForDeploymentPostprocessing = 0;
		};
/* End PBXResourcesBuildPhase section */

/* Begin PBXSourcesBuildPhase section */
		7EB4AFCF1527EB6E0011F2FE /* Sources */ = {
			isa = PBXSourcesBuildPhase;
			buildActionMask = 2147483647;
			files = (
				7EB4AFE41527EB6F0011F2FE /* main.m in Sources */,
				7EB4AFE81527EB6F0011F2FE /* SGGAppDelegate.m in Sources */,
				7EB4AFF81527ECBF0011F2FE /* SGGViewController.m in Sources */,
				7EB83429152912A200510DB7 /* SGGSprite.m in Sources */,
			);
			runOnlyForDeploymentPostprocessing = 0;
		};
/* End PBXSourcesBuildPhase section */

/* Begin PBXVariantGroup section */
		7EB4AFE01527EB6E0011F2FE /* InfoPlist.strings */ = {
			isa = PBXVariantGroup;
			children = (
				7EB4AFE11527EB6E0011F2FE /* en */,
			);
			name = InfoPlist.strings;
			sourceTree = "<group>";
		};
/* End PBXVariantGroup section */

/* Begin XCBuildConfiguration section */
		7EB4AFE91527EB6F0011F2FE /* Debug */ = {
			isa = XCBuildConfiguration;
			buildSettings = {
				ALWAYS_SEARCH_USER_PATHS = NO;
				ARCHS = "$(ARCHS_STANDARD_32_BIT)";
				CLANG_ENABLE_OBJC_ARC = YES;
				"CODE_SIGN_IDENTITY[sdk=iphoneos*]" = "iPhone Developer";
				COPY_PHASE_STRIP = NO;
				GCC_C_LANGUAGE_STANDARD = gnu99;
				GCC_DYNAMIC_NO_PIC = NO;
				GCC_OPTIMIZATION_LEVEL = 0;
				GCC_PREPROCESSOR_DEFINITIONS = (
					"DEBUG=1",
					"$(inherited)",
				);
				GCC_SYMBOLS_PRIVATE_EXTERN = NO;
				GCC_VERSION = com.apple.compilers.llvm.clang.1_0;
				GCC_WARN_ABOUT_MISSING_PROTOTYPES = YES;
				GCC_WARN_ABOUT_RETURN_TYPE = YES;
				GCC_WARN_UNUSED_VARIABLE = YES;
				IPHONEOS_DEPLOYMENT_TARGET = 5.0;
				SDKROOT = iphoneos;
			};
			name = Debug;
		};
		7EB4AFEA1527EB6F0011F2FE /* Release */ = {
			isa = XCBuildConfiguration;
			buildSettings = {
				ALWAYS_SEARCH_USER_PATHS = NO;
				ARCHS = "$(ARCHS_STANDARD_32_BIT)";
				CLANG_ENABLE_OBJC_ARC = YES;
				"CODE_SIGN_IDENTITY[sdk=iphoneos*]" = "iPhone Developer";
				COPY_PHASE_STRIP = YES;
				GCC_C_LANGUAGE_STANDARD = gnu99;
				GCC_VERSION = com.apple.compilers.llvm.clang.1_0;
				GCC_WARN_ABOUT_MISSING_PROTOTYPES = YES;
				GCC_WARN_ABOUT_RETURN_TYPE = YES;
				GCC_WARN_UNUSED_VARIABLE = YES;
				IPHONEOS_DEPLOYMENT_TARGET = 5.0;
				OTHER_CFLAGS = "-DNS_BLOCK_ASSERTIONS=1";
				SDKROOT = iphoneos;
				VALIDATE_PRODUCT = YES;
			};
			name = Release;
		};
		7EB4AFEC1527EB6F0011F2FE /* Debug */ = {
			isa = XCBuildConfiguration;
			buildSettings = {
				GCC_PRECOMPILE_PREFIX_HEADER = YES;
				GCC_PREFIX_HEADER = "SimpleGLKitGame/SimpleGLKitGame-Prefix.pch";
				INFOPLIST_FILE = "SimpleGLKitGame/SimpleGLKitGame-Info.plist";
				PRODUCT_NAME = "$(TARGET_NAME)";
				WRAPPER_EXTENSION = app;
			};
			name = Debug;
		};
		7EB4AFED1527EB6F0011F2FE /* Release */ = {
			isa = XCBuildConfiguration;
			buildSettings = {
				GCC_PRECOMPILE_PREFIX_HEADER = YES;
				GCC_PREFIX_HEADER = "SimpleGLKitGame/SimpleGLKitGame-Prefix.pch";
				INFOPLIST_FILE = "SimpleGLKitGame/SimpleGLKitGame-Info.plist";
				PRODUCT_NAME = "$(TARGET_NAME)";
				WRAPPER_EXTENSION = app;
			};
			name = Release;
		};
/* End XCBuildConfiguration section */

/* Begin XCConfigurationList section */
		7EB4AFCD1527EB6E0011F2FE /* Build configuration list for PBXProject "SimpleGLKitGame" */ = {
			isa = XCConfigurationList;
			buildConfigurations = (
				7EB4AFE91527EB6F0011F2FE /* Debug */,
				7EB4AFEA1527EB6F0011F2FE /* Release */,
			);
			defaultConfigurationIsVisible = 0;
			defaultConfigurationName = Release;
		};
		7EB4AFEB1527EB6F0011F2FE /* Build configuration list for PBXNativeTarget "SimpleGLKitGame" */ = {
			isa = XCConfigurationList;
			buildConfigurations = (
				7EB4AFEC1527EB6F0011F2FE /* Debug */,
				7EB4AFED1527EB6F0011F2FE /* Release */,
			);
			defaultConfigurationIsVisible = 0;
			defaultConfigurationName = Release;
		};
/* End XCConfigurationList section */
	};
	rootObject = 7EB4AFCA1527EB6E0011F2FE /* Project object */;
}
